{
  "name": "illiteracy-souvenirs",
  "version": "1.0.0",
  "lockfileVersion": 3,
  "requires": true,
  "packages": {
    "": {
      "name": "illiteracy-souvenirs",
      "version": "1.0.0",
      "license": "ISC",
      "dependencies": {
        "emojisplosion": "^2.6.1"
      }
    },
    "node_modules/emojisplosion": {
      "version": "2.6.1",
      "resolved": "https://registry.npmjs.org/emojisplosion/-/emojisplosion-2.6.1.tgz",
      "integrity": "sha512-a+yvHzHHP9R8qvt7ZeZS8yReuHjwXvbBbSxJHVMMWs4+sf0eOE/v/+Iz6fQq0CdF8G04jsJMF1MNDlrIBCC1pw=="
    }
  }
}
